// !$*UTF8*$!
{
	archiveVersion = 1;
	classes = {
	};
	objectVersion = 50;
	objects = {

/* Begin PBXBuildFile section */
		A313AF7C217946CC00CD7B0F /* AppDelegate.swift in Sources */ = {isa = PBXBuildFile; fileRef = A313AF7B217946CC00CD7B0F /* AppDelegate.swift */; };
		A313AF83217946CF00CD7B0F /* Assets.xcassets in Resources */ = {isa = PBXBuildFile; fileRef = A313AF82217946CF00CD7B0F /* Assets.xcassets */; };
		A313AF86217946CF00CD7B0F /* LaunchScreen.storyboard in Resources */ = {isa = PBXBuildFile; fileRef = A313AF84217946CF00CD7B0F /* LaunchScreen.storyboard */; };
		A313AF8E2179481300CD7B0F /* MainTabBarController.swift in Sources */ = {isa = PBXBuildFile; fileRef = A313AF8D2179481300CD7B0F /* MainTabBarController.swift */; };
		A313AF902179488400CD7B0F /* LoginInViewController.swift in Sources */ = {isa = PBXBuildFile; fileRef = A313AF8F2179488400CD7B0F /* LoginInViewController.swift */; };
		A313AF9421794B7F00CD7B0F /* FirstViewController.swift in Sources */ = {isa = PBXBuildFile; fileRef = A313AF9321794B7F00CD7B0F /* FirstViewController.swift */; };
		A313AF9621794B8D00CD7B0F /* SecondViewController.swift in Sources */ = {isa = PBXBuildFile; fileRef = A313AF9521794B8D00CD7B0F /* SecondViewController.swift */; };
		A313AF9C217978B300CD7B0F /* UserTableViewCell.swift in Sources */ = {isa = PBXBuildFile; fileRef = A313AF9B217978B300CD7B0F /* UserTableViewCell.swift */; };
		A313AF9F2179856C00CD7B0F /* User.swift in Sources */ = {isa = PBXBuildFile; fileRef = A313AF9E2179856C00CD7B0F /* User.swift */; };
		A313AFA12179BC3600CD7B0F /* RealmService.swift in Sources */ = {isa = PBXBuildFile; fileRef = A313AFA02179BC3600CD7B0F /* RealmService.swift */; };
		A313AFA3217A43D400CD7B0F /* APIService.swift in Sources */ = {isa = PBXBuildFile; fileRef = A313AFA2217A43D400CD7B0F /* APIService.swift */; };
		AA9F8F858ACF7392FABA71DC /* Pods_grainChainTest_ios.framework in Frameworks */ = {isa = PBXBuildFile; fileRef = 3F208865ABC74260AD906F16 /* Pods_grainChainTest_ios.framework */; };
/* End PBXBuildFile section */

/* Begin PBXFileReference section */
		3F208865ABC74260AD906F16 /* Pods_grainChainTest_ios.framework */ = {isa = PBXFileReference; explicitFileType = wrapper.framework; includeInIndex = 0; path = Pods_grainChainTest_ios.framework; sourceTree = BUILT_PRODUCTS_DIR; };
		9F783FFE4DEA179340151F55 /* Pods-grainChainTest-ios.debug.xcconfig */ = {isa = PBXFileReference; includeInIndex = 1; lastKnownFileType = text.xcconfig; name = "Pods-grainChainTest-ios.debug.xcconfig"; path = "Pods/Target Support Files/Pods-grainChainTest-ios/Pods-grainChainTest-ios.debug.xcconfig"; sourceTree = "<group>"; };
		A313AF78217946CC00CD7B0F /* grainChainTest-ios.app */ = {isa = PBXFileReference; explicitFileType = wrapper.application; includeInIndex = 0; path = "grainChainTest-ios.app"; sourceTree = BUILT_PRODUCTS_DIR; };
		A313AF7B217946CC00CD7B0F /* AppDelegate.swift */ = {isa = PBXFileReference; lastKnownFileType = sourcecode.swift; path = AppDelegate.swift; sourceTree = "<group>"; };
		A313AF82217946CF00CD7B0F /* Assets.xcassets */ = {isa = PBXFileReference; lastKnownFileType = folder.assetcatalog; path = Assets.xcassets; sourceTree = "<group>"; };
		A313AF85217946CF00CD7B0F /* Base */ = {isa = PBXFileReference; lastKnownFileType = file.storyboard; name = Base; path = Base.lproj/LaunchScreen.storyboard; sourceTree = "<group>"; };
		A313AF87217946CF00CD7B0F /* Info.plist */ = {isa = PBXFileReference; lastKnownFileType = text.plist.xml; path = Info.plist; sourceTree = "<group>"; };
		A313AF8D2179481300CD7B0F /* MainTabBarController.swift */ = {isa = PBXFileReference; lastKnownFileType = sourcecode.swift; path = MainTabBarController.swift; sourceTree = "<group>"; };
		A313AF8F2179488400CD7B0F /* LoginInViewController.swift */ = {isa = PBXFileReference; lastKnownFileType = sourcecode.swift; path = LoginInViewController.swift; sourceTree = "<group>"; };
		A313AF9321794B7F00CD7B0F /* FirstViewController.swift */ = {isa = PBXFileReference; lastKnownFileType = sourcecode.swift; path = FirstViewController.swift; sourceTree = "<group>"; };
		A313AF9521794B8D00CD7B0F /* SecondViewController.swift */ = {isa = PBXFileReference; lastKnownFileType = sourcecode.swift; path = SecondViewController.swift; sourceTree = "<group>"; };
		A313AF9B217978B300CD7B0F /* UserTableViewCell.swift */ = {isa = PBXFileReference; lastKnownFileType = sourcecode.swift; path = UserTableViewCell.swift; sourceTree = "<group>"; };
		A313AF9E2179856C00CD7B0F /* User.swift */ = {isa = PBXFileReference; lastKnownFileType = sourcecode.swift; path = User.swift; sourceTree = "<group>"; };
		A313AFA02179BC3600CD7B0F /* RealmService.swift */ = {isa = PBXFileReference; lastKnownFileType = sourcecode.swift; path = RealmService.swift; sourceTree = "<group>"; };
		A313AFA2217A43D400CD7B0F /* APIService.swift */ = {isa = PBXFileReference; lastKnownFileType = sourcecode.swift; path = APIService.swift; sourceTree = "<group>"; };
		C49929816A413157F40E1D90 /* Pods-grainChainTest-ios.release.xcconfig */ = {isa = PBXFileReference; includeInIndex = 1; lastKnownFileType = text.xcconfig; name = "Pods-grainChainTest-ios.release.xcconfig"; path = "Pods/Target Support Files/Pods-grainChainTest-ios/Pods-grainChainTest-ios.release.xcconfig"; sourceTree = "<group>"; };
/* End PBXFileReference section */

/* Begin PBXFrameworksBuildPhase section */
		A313AF75217946CC00CD7B0F /* Frameworks */ = {
			isa = PBXFrameworksBuildPhase;
			buildActionMask = 2147483647;
			files = (
				AA9F8F858ACF7392FABA71DC /* Pods_grainChainTest_ios.framework in Frameworks */,
			);
			runOnlyForDeploymentPostprocessing = 0;
		};
/* End PBXFrameworksBuildPhase section */

/* Begin PBXGroup section */
		95F3E22ABE9241CE1DF0ABFC /* Frameworks */ = {
			isa = PBXGroup;
			children = (
				3F208865ABC74260AD906F16 /* Pods_grainChainTest_ios.framework */,
			);
			name = Frameworks;
			sourceTree = "<group>";
		};
		A313AF6F217946CC00CD7B0F = {
			isa = PBXGroup;
			children = (
				A313AF7A217946CC00CD7B0F /* grainChainTest-ios */,
				A313AF79217946CC00CD7B0F /* Products */,
				AE218A54D920E3948103E88E /* Pods */,
				95F3E22ABE9241CE1DF0ABFC /* Frameworks */,
			);
			sourceTree = "<group>";
		};
		A313AF79217946CC00CD7B0F /* Products */ = {
			isa = PBXGroup;
			children = (
				A313AF78217946CC00CD7B0F /* grainChainTest-ios.app */,
			);
			name = Products;
			sourceTree = "<group>";
		};
		A313AF7A217946CC00CD7B0F /* grainChainTest-ios */ = {
			isa = PBXGroup;
			children = (
				A313AF9921795BD600CD7B0F /* Controller */,
				A313AF9821795BCD00CD7B0F /* VIew */,
				A313AF9721795BC700CD7B0F /* Model */,
				A313AF7B217946CC00CD7B0F /* AppDelegate.swift */,
				A313AF82217946CF00CD7B0F /* Assets.xcassets */,
				A313AF84217946CF00CD7B0F /* LaunchScreen.storyboard */,
				A313AF87217946CF00CD7B0F /* Info.plist */,
			);
			path = "grainChainTest-ios";
			sourceTree = "<group>";
		};
		A313AF9721795BC700CD7B0F /* Model */ = {
			isa = PBXGroup;
			children = (
				A313AF9E2179856C00CD7B0F /* User.swift */,
			);
			path = Model;
			sourceTree = "<group>";
		};
		A313AF9821795BCD00CD7B0F /* VIew */ = {
			isa = PBXGroup;
			children = (
				A313AF8F2179488400CD7B0F /* LoginInViewController.swift */,
				A313AF8D2179481300CD7B0F /* MainTabBarController.swift */,
				A313AF9A2179788E00CD7B0F /* First ViewController */,
				A313AF9D21797A3000CD7B0F /* Second ViewController */,
			);
			path = VIew;
			sourceTree = "<group>";
		};
		A313AF9921795BD600CD7B0F /* Controller */ = {
			isa = PBXGroup;
			children = (
				A313AFA02179BC3600CD7B0F /* RealmService.swift */,
				A313AFA2217A43D400CD7B0F /* APIService.swift */,
			);
			path = Controller;
			sourceTree = "<group>";
		};
		A313AF9A2179788E00CD7B0F /* First ViewController */ = {
			isa = PBXGroup;
			children = (
				A313AF9321794B7F00CD7B0F /* FirstViewController.swift */,
				A313AF9B217978B300CD7B0F /* UserTableViewCell.swift */,
			);
			path = "First ViewController";
			sourceTree = "<group>";
		};
		A313AF9D21797A3000CD7B0F /* Second ViewController */ = {
			isa = PBXGroup;
			children = (
				A313AF9521794B8D00CD7B0F /* SecondViewController.swift */,
			);
			path = "Second ViewController";
			sourceTree = "<group>";
		};
		AE218A54D920E3948103E88E /* Pods */ = {
			isa = PBXGroup;
			children = (
				9F783FFE4DEA179340151F55 /* Pods-grainChainTest-ios.debug.xcconfig */,
				C49929816A413157F40E1D90 /* Pods-grainChainTest-ios.release.xcconfig */,
			);
			name = Pods;
			sourceTree = "<group>";
		};
/* End PBXGroup section */

/* Begin PBXNativeTarget section */
		A313AF77217946CC00CD7B0F /* grainChainTest-ios */ = {
			isa = PBXNativeTarget;
			buildConfigurationList = A313AF8A217946CF00CD7B0F /* Build configuration list for PBXNativeTarget "grainChainTest-ios" */;
			buildPhases = (
				6F7453A9702C733FE13526C5 /* [CP] Check Pods Manifest.lock */,
				A313AF74217946CC00CD7B0F /* Sources */,
				A313AF75217946CC00CD7B0F /* Frameworks */,
				A313AF76217946CC00CD7B0F /* Resources */,
				EEA40EE98251466A72604D17 /* [CP] Embed Pods Frameworks */,
			);
			buildRules = (
			);
			dependencies = (
			);
			name = "grainChainTest-ios";
			productName = "grainChainTest-ios";
			productReference = A313AF78217946CC00CD7B0F /* grainChainTest-ios.app */;
			productType = "com.apple.product-type.application";
		};
/* End PBXNativeTarget section */

/* Begin PBXProject section */
		A313AF70217946CC00CD7B0F /* Project object */ = {
			isa = PBXProject;
			attributes = {
				LastSwiftUpdateCheck = 1000;
				LastUpgradeCheck = 1000;
				ORGANIZATIONNAME = "Alfredo Fregoso ";
				TargetAttributes = {
					A313AF77217946CC00CD7B0F = {
						CreatedOnToolsVersion = 10.0;
					};
				};
			};
			buildConfigurationList = A313AF73217946CC00CD7B0F /* Build configuration list for PBXProject "grainChainTest-ios" */;
			compatibilityVersion = "Xcode 9.3";
			developmentRegion = en;
			hasScannedForEncodings = 0;
			knownRegions = (
				en,
				Base,
			);
			mainGroup = A313AF6F217946CC00CD7B0F;
			productRefGroup = A313AF79217946CC00CD7B0F /* Products */;
			projectDirPath = "";
			projectRoot = "";
			targets = (
				A313AF77217946CC00CD7B0F /* grainChainTest-ios */,
			);
		};
/* End PBXProject section */

/* Begin PBXResourcesBuildPhase section */
		A313AF76217946CC00CD7B0F /* Resources */ = {
			isa = PBXResourcesBuildPhase;
			buildActionMask = 2147483647;
			files = (
				A313AF86217946CF00CD7B0F /* LaunchScreen.storyboard in Resources */,
				A313AF83217946CF00CD7B0F /* Assets.xcassets in Resources */,
			);
			runOnlyForDeploymentPostprocessing = 0;
		};
/* End PBXResourcesBuildPhase section */

/* Begin PBXShellScriptBuildPhase section */
		6F7453A9702C733FE13526C5 /* [CP] Check Pods Manifest.lock */ = {
			isa = PBXShellScriptBuildPhase;
			buildActionMask = 2147483647;
			files = (
			);
			inputPaths = (
				"${PODS_PODFILE_DIR_PATH}/Podfile.lock",
				"${PODS_ROOT}/Manifest.lock",
			);
			name = "[CP] Check Pods Manifest.lock";
			outputPaths = (
				"$(DERIVED_FILE_DIR)/Pods-grainChainTest-ios-checkManifestLockResult.txt",
			);
			runOnlyForDeploymentPostprocessing = 0;
			shellPath = /bin/sh;
			shellScript = "diff \"${PODS_PODFILE_DIR_PATH}/Podfile.lock\" \"${PODS_ROOT}/Manifest.lock\" > /dev/null\nif [ $? != 0 ] ; then\n    # print error to STDERR\n    echo \"error: The sandbox is not in sync with the Podfile.lock. Run 'pod install' or update your CocoaPods installation.\" >&2\n    exit 1\nfi\n# This output is used by Xcode 'outputs' to avoid re-running this script phase.\necho \"SUCCESS\" > \"${SCRIPT_OUTPUT_FILE_0}\"\n";
			showEnvVarsInLog = 0;
		};
		EEA40EE98251466A72604D17 /* [CP] Embed Pods Frameworks */ = {
			isa = PBXShellScriptBuildPhase;
			buildActionMask = 2147483647;
			files = (
			);
			inputPaths = (
				"${SRCROOT}/Pods/Target Support Files/Pods-grainChainTest-ios/Pods-grainChainTest-ios-frameworks.sh",
				"${BUILT_PRODUCTS_DIR}/Alamofire/Alamofire.framework",
				"${BUILT_PRODUCTS_DIR}/Realm/Realm.framework",
				"${BUILT_PRODUCTS_DIR}/RealmSwift/RealmSwift.framework",
			);
			name = "[CP] Embed Pods Frameworks";
			outputPaths = (
				"${TARGET_BUILD_DIR}/${FRAMEWORKS_FOLDER_PATH}/Alamofire.framework",
				"${TARGET_BUILD_DIR}/${FRAMEWORKS_FOLDER_PATH}/Realm.framework",
				"${TARGET_BUILD_DIR}/${FRAMEWORKS_FOLDER_PATH}/RealmSwift.framework",
			);
			runOnlyForDeploymentPostprocessing = 0;
			shellPath = /bin/sh;
			shellScript = "\"${SRCROOT}/Pods/Target Support Files/Pods-grainChainTest-ios/Pods-grainChainTest-ios-frameworks.sh\"\n";
			showEnvVarsInLog = 0;
		};
/* End PBXShellScriptBuildPhase section */

/* Begin PBXSourcesBuildPhase section */
		A313AF74217946CC00CD7B0F /* Sources */ = {
			isa = PBXSourcesBuildPhase;
			buildActionMask = 2147483647;
			files = (
				A313AF9621794B8D00CD7B0F /* SecondViewController.swift in Sources */,
				A313AF9421794B7F00CD7B0F /* FirstViewController.swift in Sources */,
				A313AF902179488400CD7B0F /* LoginInViewController.swift in Sources */,
				A313AF7C217946CC00CD7B0F /* AppDelegate.swift in Sources */,
				A313AF9C217978B300CD7B0F /* UserTableViewCell.swift in Sources */,
				A313AF8E2179481300CD7B0F /* MainTabBarController.swift in Sources */,
				A313AF9F2179856C00CD7B0F /* User.swift in Sources */,
				A313AFA3217A43D400CD7B0F /* APIService.swift in Sources */,
				A313AFA12179BC3600CD7B0F /* RealmService.swift in Sources */,
			);
			runOnlyForDeploymentPostprocessing = 0;
		};
/* End PBXSourcesBuildPhase section */

/* Begin PBXVariantGroup section */
		A313AF84217946CF00CD7B0F /* LaunchScreen.storyboard */ = {
			isa = PBXVariantGroup;
			children = (
				A313AF85217946CF00CD7B0F /* Base */,
			);
			name = LaunchScreen.storyboard;
			sourceTree = "<group>";
		};
/* End PBXVariantGroup section */

/* Begin XCBuildConfiguration section */
		A313AF88217946CF00CD7B0F /* Debug */ = {
			isa = XCBuildConfiguration;
			buildSettings = {
				ALWAYS_SEARCH_USER_PATHS = NO;
				CLANG_ANALYZER_NONNULL = YES;
				CLANG_ANALYZER_NUMBER_OBJECT_CONVERSION = YES_AGGRESSIVE;
				CLANG_CXX_LANGUAGE_STANDARD = "gnu++14";
				CLANG_CXX_LIBRARY = "libc++";
				CLANG_ENABLE_MODULES = YES;
				CLANG_ENABLE_OBJC_ARC = YES;
				CLANG_ENABLE_OBJC_WEAK = YES;
				CLANG_WARN_BLOCK_CAPTURE_AUTORELEASING = YES;
				CLANG_WARN_BOOL_CONVERSION = YES;
				CLANG_WARN_COMMA = YES;
				CLANG_WARN_CONSTANT_CONVERSION = YES;
				CLANG_WARN_DEPRECATED_OBJC_IMPLEMENTATIONS = YES;
				CLANG_WARN_DIRECT_OBJC_ISA_USAGE = YES_ERROR;
				CLANG_WARN_DOCUMENTATION_COMMENTS = YES;
				CLANG_WARN_EMPTY_BODY = YES;
				CLANG_WARN_ENUM_CONVERSION = YES;
				CLANG_WARN_INFINITE_RECURSION = YES;
				CLANG_WARN_INT_CONVERSION = YES;
				CLANG_WARN_NON_LITERAL_NULL_CONVERSION = YES;
				CLANG_WARN_OBJC_IMPLICIT_RETAIN_SELF = YES;
				CLANG_WARN_OBJC_LITERAL_CONVERSION = YES;
				CLANG_WARN_OBJC_ROOT_CLASS = YES_ERROR;
				CLANG_WARN_RANGE_LOOP_ANALYSIS = YES;
				CLANG_WARN_STRICT_PROTOTYPES = YES;
				CLANG_WARN_SUSPICIOUS_MOVE = YES;
				CLANG_WARN_UNGUARDED_AVAILABILITY = YES_AGGRESSIVE;
				CLANG_WARN_UNREACHABLE_CODE = YES;
				CLANG_WARN__DUPLICATE_METHOD_MATCH = YES;
				CODE_SIGN_IDENTITY = "iPhone Developer";
				COPY_PHASE_STRIP = NO;
				DEBUG_INFORMATION_FORMAT = dwarf;
				ENABLE_STRICT_OBJC_MSGSEND = YES;
				ENABLE_TESTABILITY = YES;
				GCC_C_LANGUAGE_STANDARD = gnu11;
				GCC_DYNAMIC_NO_PIC = NO;
				GCC_NO_COMMON_BLOCKS = YES;
				GCC_OPTIMIZATION_LEVEL = 0;
				GCC_PREPROCESSOR_DEFINITIONS = (
					"DEBUG=1",
					"$(inherited)",
				);
				GCC_WARN_64_TO_32_BIT_CONVERSION = YES;
				GCC_WARN_ABOUT_RETURN_TYPE = YES_ERROR;
				GCC_WARN_UNDECLARED_SELECTOR = YES;
				GCC_WARN_UNINITIALIZED_AUTOS = YES_AGGRESSIVE;
				GCC_WARN_UNUSED_FUNCTION = YES;
				GCC_WARN_UNUSED_VARIABLE = YES;
				IPHONEOS_DEPLOYMENT_TARGET = 12.0;
				MTL_ENABLE_DEBUG_INFO = INCLUDE_SOURCE;
				MTL_FAST_MATH = YES;
				ONLY_ACTIVE_ARCH = YES;
				SDKROOT = iphoneos;
				SWIFT_ACTIVE_COMPILATION_CONDITIONS = DEBUG;
				SWIFT_OPTIMIZATION_LEVEL = "-Onone";
			};
			name = Debug;
		};
		A313AF89217946CF00CD7B0F /* Release */ = {
			isa = XCBuildConfiguration;
			buildSettings = {
				ALWAYS_SEARCH_USER_PATHS = NO;
				CLANG_ANALYZER_NONNULL = YES;
				CLANG_ANALYZER_NUMBER_OBJECT_CONVERSION = YES_AGGRESSIVE;
				CLANG_CXX_LANGUAGE_STANDARD = "gnu++14";
				CLANG_CXX_LIBRARY = "libc++";
				CLANG_ENABLE_MODULES = YES;
				CLANG_ENABLE_OBJC_ARC = YES;
				CLANG_ENABLE_OBJC_WEAK = YES;
				CLANG_WARN_BLOCK_CAPTURE_AUTORELEASING = YES;
				CLANG_WARN_BOOL_CONVERSION = YES;
				CLANG_WARN_COMMA = YES;
				CLANG_WARN_CONSTANT_CONVERSION = YES;
				CLANG_WARN_DEPRECATED_OBJC_IMPLEMENTATIONS = YES;
				CLANG_WARN_DIRECT_OBJC_ISA_USAGE = YES_ERROR;
				CLANG_WARN_DOCUMENTATION_COMMENTS = YES;
				CLANG_WARN_EMPTY_BODY = YES;
				CLANG_WARN_ENUM_CONVERSION = YES;
				CLANG_WARN_INFINITE_RECURSION = YES;
				CLANG_WARN_INT_CONVERSION = YES;
				CLANG_WARN_NON_LITERAL_NULL_CONVERSION = YES;
				CLANG_WARN_OBJC_IMPLICIT_RETAIN_SELF = YES;
				CLANG_WARN_OBJC_LITERAL_CONVERSION = YES;
				CLANG_WARN_OBJC_ROOT_CLASS = YES_ERROR;
				CLANG_WARN_RANGE_LOOP_ANALYSIS = YES;
				CLANG_WARN_STRICT_PROTOTYPES = YES;
				CLANG_WARN_SUSPICIOUS_MOVE = YES;
				CLANG_WARN_UNGUARDED_AVAILABILITY = YES_AGGRESSIVE;
				CLANG_WARN_UNREACHABLE_CODE = YES;
				CLANG_WARN__DUPLICATE_METHOD_MATCH = YES;
				CODE_SIGN_IDENTITY = "iPhone Developer";
				COPY_PHASE_STRIP = NO;
				DEBUG_INFORMATION_FORMAT = "dwarf-with-dsym";
				ENABLE_NS_ASSERTIONS = NO;
				ENABLE_STRICT_OBJC_MSGSEND = YES;
				GCC_C_LANGUAGE_STANDARD = gnu11;
				GCC_NO_COMMON_BLOCKS = YES;
				GCC_WARN_64_TO_32_BIT_CONVERSION = YES;
				GCC_WARN_ABOUT_RETURN_TYPE = YES_ERROR;
				GCC_WARN_UNDECLARED_SELECTOR = YES;
				GCC_WARN_UNINITIALIZED_AUTOS = YES_AGGRESSIVE;
				GCC_WARN_UNUSED_FUNCTION = YES;
				GCC_WARN_UNUSED_VARIABLE = YES;
				IPHONEOS_DEPLOYMENT_TARGET = 12.0;
				MTL_ENABLE_DEBUG_INFO = NO;
				MTL_FAST_MATH = YES;
				SDKROOT = iphoneos;
				SWIFT_COMPILATION_MODE = wholemodule;
				SWIFT_OPTIMIZATION_LEVEL = "-O";
				VALIDATE_PRODUCT = YES;
			};
			name = Release;
		};
		A313AF8B217946CF00CD7B0F /* Debug */ = {
			isa = XCBuildConfiguration;
			baseConfigurationReference = 9F783FFE4DEA179340151F55 /* Pods-grainChainTest-ios.debug.xcconfig */;
			buildSettings = {
				ASSETCATALOG_COMPILER_APPICON_NAME = AppIcon;
				CODE_SIGN_STYLE = Automatic;
				DEVELOPMENT_TEAM = BEJVPK7PKR;
				INFOPLIST_FILE = "grainChainTest-ios/Info.plist";
				IPHONEOS_DEPLOYMENT_TARGET = 11.0;
				LD_RUNPATH_SEARCH_PATHS = (
					"$(inherited)",
					"@executable_path/Frameworks",
				);
				PRODUCT_BUNDLE_IDENTIFIER = "alfreduco.grainChainTest-ios";
				PRODUCT_NAME = "$(TARGET_NAME)";
				SWIFT_VERSION = 4.2;
				TARGETED_DEVICE_FAMILY = "1,2";
			};
			name = Debug;
		};
		A313AF8C217946CF00CD7B0F /* Release */ = {
			isa = XCBuildConfiguration;
			baseConfigurationReference = C49929816A413157F40E1D90 /* Pods-grainChainTest-ios.release.xcconfig */;
			buildSettings = {
				ASSETCATALOG_COMPILER_APPICON_NAME = AppIcon;
				CODE_SIGN_STYLE = Automatic;
				DEVELOPMENT_TEAM = BEJVPK7PKR;
				INFOPLIST_FILE = "grainChainTest-ios/Info.plist";
				IPHONEOS_DEPLOYMENT_TARGET = 11.0;
				LD_RUNPATH_SEARCH_PATHS = (
					"$(inherited)",
					"@executable_path/Frameworks",
				);
				PRODUCT_BUNDLE_IDENTIFIER = "alfreduco.grainChainTest-ios";
				PRODUCT_NAME = "$(TARGET_NAME)";
				SWIFT_VERSION = 4.2;
				TARGETED_DEVICE_FAMILY = "1,2";
			};
			name = Release;
		};
/* End XCBuildConfiguration section */

/* Begin XCConfigurationList section */
		A313AF73217946CC00CD7B0F /* Build configuration list for PBXProject "grainChainTest-ios" */ = {
			isa = XCConfigurationList;
			buildConfigurations = (
				A313AF88217946CF00CD7B0F /* Debug */,
				A313AF89217946CF00CD7B0F /* Release */,
			);
			defaultConfigurationIsVisible = 0;
			defaultConfigurationName = Release;
		};
		A313AF8A217946CF00CD7B0F /* Build configuration list for PBXNativeTarget "grainChainTest-ios" */ = {
			isa = XCConfigurationList;
			buildConfigurations = (
				A313AF8B217946CF00CD7B0F /* Debug */,
				A313AF8C217946CF00CD7B0F /* Release */,
			);
			defaultConfigurationIsVisible = 0;
			defaultConfigurationName = Release;
		};
/* End XCConfigurationList section */
	};
	rootObject = A313AF70217946CC00CD7B0F /* Project object */;
}
